// !$*UTF8*$!
{
	archiveVersion = 1;
	classes = {
	};
	objectVersion = 50;
	objects = {

/* Begin PBXBuildFile section */
		6083E06121642FE500CA3F85 /* AppDelegate.swift in Sources */ = {isa = PBXBuildFile; fileRef = 6083E06021642FE500CA3F85 /* AppDelegate.swift */; };
		6083E06621642FE500CA3F85 /* Main.storyboard in Resources */ = {isa = PBXBuildFile; fileRef = 6083E06421642FE500CA3F85 /* Main.storyboard */; };
		6083E06921642FE500CA3F85 /* CoreDataSearch.xcdatamodeld in Sources */ = {isa = PBXBuildFile; fileRef = 6083E06721642FE500CA3F85 /* CoreDataSearch.xcdatamodeld */; };
		6083E06B21642FE600CA3F85 /* Assets.xcassets in Resources */ = {isa = PBXBuildFile; fileRef = 6083E06A21642FE600CA3F85 /* Assets.xcassets */; };
		6083E06E21642FE600CA3F85 /* LaunchScreen.storyboard in Resources */ = {isa = PBXBuildFile; fileRef = 6083E06C21642FE600CA3F85 /* LaunchScreen.storyboard */; };
		6083E07921642FE600CA3F85 /* CoreDataSearchTests.swift in Sources */ = {isa = PBXBuildFile; fileRef = 6083E07821642FE600CA3F85 /* CoreDataSearchTests.swift */; };
		6083E08421642FE600CA3F85 /* CoreDataSearchUITests.swift in Sources */ = {isa = PBXBuildFile; fileRef = 6083E08321642FE600CA3F85 /* CoreDataSearchUITests.swift */; };
		6083E0962164323700CA3F85 /* CustomTableViewCell.swift in Sources */ = {isa = PBXBuildFile; fileRef = 6083E0912164323700CA3F85 /* CustomTableViewCell.swift */; };
		6083E0972164323700CA3F85 /* DocumentsTableViewController.swift in Sources */ = {isa = PBXBuildFile; fileRef = 6083E0922164323700CA3F85 /* DocumentsTableViewController.swift */; };
		6083E09A2164323700CA3F85 /* NotePadViewController.swift in Sources */ = {isa = PBXBuildFile; fileRef = 6083E0952164323700CA3F85 /* NotePadViewController.swift */; };
		6083E0A1216436BC00CA3F85 /* Document+CoreDataClass.swift in Sources */ = {isa = PBXBuildFile; fileRef = 6083E09F216436BC00CA3F85 /* Document+CoreDataClass.swift */; };
		6083E0A2216436BC00CA3F85 /* Document+CoreDataProperties.swift in Sources */ = {isa = PBXBuildFile; fileRef = 6083E0A0216436BC00CA3F85 /* Document+CoreDataProperties.swift */; };
/* End PBXBuildFile section */

/* Begin PBXContainerItemProxy section */
		6083E07521642FE600CA3F85 /* PBXContainerItemProxy */ = {
			isa = PBXContainerItemProxy;
			containerPortal = 6083E05521642FE500CA3F85 /* Project object */;
			proxyType = 1;
			remoteGlobalIDString = 6083E05C21642FE500CA3F85;
			remoteInfo = CoreDataSearch;
		};
		6083E08021642FE600CA3F85 /* PBXContainerItemProxy */ = {
			isa = PBXContainerItemProxy;
			containerPortal = 6083E05521642FE500CA3F85 /* Project object */;
			proxyType = 1;
			remoteGlobalIDString = 6083E05C21642FE500CA3F85;
			remoteInfo = CoreDataSearch;
		};
/* End PBXContainerItemProxy section */

/* Begin PBXFileReference section */
		6083E05D21642FE500CA3F85 /* CoreDataSearch.app */ = {isa = PBXFileReference; explicitFileType = wrapper.application; includeInIndex = 0; path = CoreDataSearch.app; sourceTree = BUILT_PRODUCTS_DIR; };
		6083E06021642FE500CA3F85 /* AppDelegate.swift */ = {isa = PBXFileReference; lastKnownFileType = sourcecode.swift; path = AppDelegate.swift; sourceTree = "<group>"; };
		6083E06521642FE500CA3F85 /* Base */ = {isa = PBXFileReference; lastKnownFileType = file.storyboard; name = Base; path = Base.lproj/Main.storyboard; sourceTree = "<group>"; };
		6083E06821642FE500CA3F85 /* CoreDataSearch.xcdatamodel */ = {isa = PBXFileReference; lastKnownFileType = wrapper.xcdatamodel; path = CoreDataSearch.xcdatamodel; sourceTree = "<group>"; };
		6083E06A21642FE600CA3F85 /* Assets.xcassets */ = {isa = PBXFileReference; lastKnownFileType = folder.assetcatalog; path = Assets.xcassets; sourceTree = "<group>"; };
		6083E06D21642FE600CA3F85 /* Base */ = {isa = PBXFileReference; lastKnownFileType = file.storyboard; name = Base; path = Base.lproj/LaunchScreen.storyboard; sourceTree = "<group>"; };
		6083E06F21642FE600CA3F85 /* Info.plist */ = {isa = PBXFileReference; lastKnownFileType = text.plist.xml; path = Info.plist; sourceTree = "<group>"; };
		6083E07421642FE600CA3F85 /* CoreDataSearchTests.xctest */ = {isa = PBXFileReference; explicitFileType = wrapper.cfbundle; includeInIndex = 0; path = CoreDataSearchTests.xctest; sourceTree = BUILT_PRODUCTS_DIR; };
		6083E07821642FE600CA3F85 /* CoreDataSearchTests.swift */ = {isa = PBXFileReference; lastKnownFileType = sourcecode.swift; path = CoreDataSearchTests.swift; sourceTree = "<group>"; };
		6083E07A21642FE600CA3F85 /* Info.plist */ = {isa = PBXFileReference; lastKnownFileType = text.plist.xml; path = Info.plist; sourceTree = "<group>"; };
		6083E07F21642FE600CA3F85 /* CoreDataSearchUITests.xctest */ = {isa = PBXFileReference; explicitFileType = wrapper.cfbundle; includeInIndex = 0; path = CoreDataSearchUITests.xctest; sourceTree = BUILT_PRODUCTS_DIR; };
		6083E08321642FE600CA3F85 /* CoreDataSearchUITests.swift */ = {isa = PBXFileReference; lastKnownFileType = sourcecode.swift; path = CoreDataSearchUITests.swift; sourceTree = "<group>"; };
		6083E08521642FE600CA3F85 /* Info.plist */ = {isa = PBXFileReference; lastKnownFileType = text.plist.xml; path = Info.plist; sourceTree = "<group>"; };
		6083E0912164323700CA3F85 /* CustomTableViewCell.swift */ = {isa = PBXFileReference; fileEncoding = 4; lastKnownFileType = sourcecode.swift; path = CustomTableViewCell.swift; sourceTree = "<group>"; };
		6083E0922164323700CA3F85 /* DocumentsTableViewController.swift */ = {isa = PBXFileReference; fileEncoding = 4; lastKnownFileType = sourcecode.swift; path = DocumentsTableViewController.swift; sourceTree = "<group>"; };
		6083E0952164323700CA3F85 /* NotePadViewController.swift */ = {isa = PBXFileReference; fileEncoding = 4; lastKnownFileType = sourcecode.swift; path = NotePadViewController.swift; sourceTree = "<group>"; };
		6083E09F216436BC00CA3F85 /* Document+CoreDataClass.swift */ = {isa = PBXFileReference; lastKnownFileType = sourcecode.swift; path = "Document+CoreDataClass.swift"; sourceTree = "<group>"; };
		6083E0A0216436BC00CA3F85 /* Document+CoreDataProperties.swift */ = {isa = PBXFileReference; lastKnownFileType = sourcecode.swift; path = "Document+CoreDataProperties.swift"; sourceTree = "<group>"; };
/* End PBXFileReference section */

/* Begin PBXFrameworksBuildPhase section */
		6083E05A21642FE500CA3F85 /* Frameworks */ = {
			isa = PBXFrameworksBuildPhase;
			buildActionMask = 2147483647;
			files = (
			);
			runOnlyForDeploymentPostprocessing = 0;
		};
		6083E07121642FE600CA3F85 /* Frameworks */ = {
			isa = PBXFrameworksBuildPhase;
			buildActionMask = 2147483647;
			files = (
			);
			runOnlyForDeploymentPostprocessing = 0;
		};
		6083E07C21642FE600CA3F85 /* Frameworks */ = {
			isa = PBXFrameworksBuildPhase;
			buildActionMask = 2147483647;
			files = (
			);
			runOnlyForDeploymentPostprocessing = 0;
		};
/* End PBXFrameworksBuildPhase section */

/* Begin PBXGroup section */
		6083E05421642FE500CA3F85 = {
			isa = PBXGroup;
			children = (
				6083E05F21642FE500CA3F85 /* CoreDataSearch */,
				6083E07721642FE600CA3F85 /* CoreDataSearchTests */,
				6083E08221642FE600CA3F85 /* CoreDataSearchUITests */,
				6083E05E21642FE500CA3F85 /* Products */,
			);
			sourceTree = "<group>";
		};
		6083E05E21642FE500CA3F85 /* Products */ = {
			isa = PBXGroup;
			children = (
				6083E05D21642FE500CA3F85 /* CoreDataSearch.app */,
				6083E07421642FE600CA3F85 /* CoreDataSearchTests.xctest */,
				6083E07F21642FE600CA3F85 /* CoreDataSearchUITests.xctest */,
			);
			name = Products;
			sourceTree = "<group>";
		};
		6083E05F21642FE500CA3F85 /* CoreDataSearch */ = {
			isa = PBXGroup;
			children = (
				6083E09F216436BC00CA3F85 /* Document+CoreDataClass.swift */,
				6083E0A0216436BC00CA3F85 /* Document+CoreDataProperties.swift */,
				6083E06021642FE500CA3F85 /* AppDelegate.swift */,
				6083E06421642FE500CA3F85 /* Main.storyboard */,
				6083E06A21642FE600CA3F85 /* Assets.xcassets */,
				6083E06C21642FE600CA3F85 /* LaunchScreen.storyboard */,
				6083E06F21642FE600CA3F85 /* Info.plist */,
				6083E0912164323700CA3F85 /* CustomTableViewCell.swift */,
				6083E0922164323700CA3F85 /* DocumentsTableViewController.swift */,
				6083E0952164323700CA3F85 /* NotePadViewController.swift */,
				6083E06721642FE500CA3F85 /* CoreDataSearch.xcdatamodeld */,
			);
			path = CoreDataSearch;
			sourceTree = "<group>";
		};
		6083E07721642FE600CA3F85 /* CoreDataSearchTests */ = {
			isa = PBXGroup;
			children = (
				6083E07821642FE600CA3F85 /* CoreDataSearchTests.swift */,
				6083E07A21642FE600CA3F85 /* Info.plist */,
			);
			path = CoreDataSearchTests;
			sourceTree = "<group>";
		};
		6083E08221642FE600CA3F85 /* CoreDataSearchUITests */ = {
			isa = PBXGroup;
			children = (
				6083E08321642FE600CA3F85 /* CoreDataSearchUITests.swift */,
				6083E08521642FE600CA3F85 /* Info.plist */,
			);
			path = CoreDataSearchUITests;
			sourceTree = "<group>";
		};
/* End PBXGroup section */

/* Begin PBXNativeTarget section */
		6083E05C21642FE500CA3F85 /* CoreDataSearch */ = {
			isa = PBXNativeTarget;
			buildConfigurationList = 6083E08821642FE600CA3F85 /* Build configuration list for PBXNativeTarget "CoreDataSearch" */;
			buildPhases = (
				6083E05921642FE500CA3F85 /* Sources */,
				6083E05A21642FE500CA3F85 /* Frameworks */,
				6083E05B21642FE500CA3F85 /* Resources */,
			);
			buildRules = (
			);
			dependencies = (
			);
			name = CoreDataSearch;
			productName = CoreDataSearch;
			productReference = 6083E05D21642FE500CA3F85 /* CoreDataSearch.app */;
			productType = "com.apple.product-type.application";
		};
		6083E07321642FE600CA3F85 /* CoreDataSearchTests */ = {
			isa = PBXNativeTarget;
			buildConfigurationList = 6083E08B21642FE600CA3F85 /* Build configuration list for PBXNativeTarget "CoreDataSearchTests" */;
			buildPhases = (
				6083E07021642FE600CA3F85 /* Sources */,
				6083E07121642FE600CA3F85 /* Frameworks */,
				6083E07221642FE600CA3F85 /* Resources */,
			);
			buildRules = (
			);
			dependencies = (
				6083E07621642FE600CA3F85 /* PBXTargetDependency */,
			);
			name = CoreDataSearchTests;
			productName = CoreDataSearchTests;
			productReference = 6083E07421642FE600CA3F85 /* CoreDataSearchTests.xctest */;
			productType = "com.apple.product-type.bundle.unit-test";
		};
		6083E07E21642FE600CA3F85 /* CoreDataSearchUITests */ = {
			isa = PBXNativeTarget;
			buildConfigurationList = 6083E08E21642FE600CA3F85 /* Build configuration list for PBXNativeTarget "CoreDataSearchUITests" */;
			buildPhases = (
				6083E07B21642FE600CA3F85 /* Sources */,
				6083E07C21642FE600CA3F85 /* Frameworks */,
				6083E07D21642FE600CA3F85 /* Resources */,
			);
			buildRules = (
			);
			dependencies = (
				6083E08121642FE600CA3F85 /* PBXTargetDependency */,
			);
			name = CoreDataSearchUITests;
			productName = CoreDataSearchUITests;
			productReference = 6083E07F21642FE600CA3F85 /* CoreDataSearchUITests.xctest */;
			productType = "com.apple.product-type.bundle.ui-testing";
		};
/* End PBXNativeTarget section */

/* Begin PBXProject section */
		6083E05521642FE500CA3F85 /* Project object */ = {
			isa = PBXProject;
			attributes = {
				LastSwiftUpdateCheck = 1000;
				LastUpgradeCheck = 1000;
				ORGANIZATIONNAME = "Grant Maloney";
				TargetAttributes = {
					6083E05C21642FE500CA3F85 = {
						CreatedOnToolsVersion = 10.0;
					};
					6083E07321642FE600CA3F85 = {
						CreatedOnToolsVersion = 10.0;
						TestTargetID = 6083E05C21642FE500CA3F85;
					};
					6083E07E21642FE600CA3F85 = {
						CreatedOnToolsVersion = 10.0;
						TestTargetID = 6083E05C21642FE500CA3F85;
					};
				};
			};
			buildConfigurationList = 6083E05821642FE500CA3F85 /* Build configuration list for PBXProject "CoreDataSearch" */;
			compatibilityVersion = "Xcode 9.3";
			developmentRegion = en;
			hasScannedForEncodings = 0;
			knownRegions = (
				en,
				Base,
			);
			mainGroup = 6083E05421642FE500CA3F85;
			productRefGroup = 6083E05E21642FE500CA3F85 /* Products */;
			projectDirPath = "";
			projectRoot = "";
			targets = (
				6083E05C21642FE500CA3F85 /* CoreDataSearch */,
				6083E07321642FE600CA3F85 /* CoreDataSearchTests */,
				6083E07E21642FE600CA3F85 /* CoreDataSearchUITests */,
			);
		};
/* End PBXProject section */

/* Begin PBXResourcesBuildPhase section */
		6083E05B21642FE500CA3F85 /* Resources */ = {
			isa = PBXResourcesBuildPhase;
			buildActionMask = 2147483647;
			files = (
				6083E06E21642FE600CA3F85 /* LaunchScreen.storyboard in Resources */,
				6083E06B21642FE600CA3F85 /* Assets.xcassets in Resources */,
				6083E06621642FE500CA3F85 /* Main.storyboard in Resources */,
			);
			runOnlyForDeploymentPostprocessing = 0;
		};
		6083E07221642FE600CA3F85 /* Resources */ = {
			isa = PBXResourcesBuildPhase;
			buildActionMask = 2147483647;
			files = (
			);
			runOnlyForDeploymentPostprocessing = 0;
		};
		6083E07D21642FE600CA3F85 /* Resources */ = {
			isa = PBXResourcesBuildPhase;
			buildActionMask = 2147483647;
			files = (
			);
			runOnlyForDeploymentPostprocessing = 0;
		};
/* End PBXResourcesBuildPhase section */

/* Begin PBXSourcesBuildPhase section */
		6083E05921642FE500CA3F85 /* Sources */ = {
			isa = PBXSourcesBuildPhase;
			buildActionMask = 2147483647;
			files = (
				6083E09A2164323700CA3F85 /* NotePadViewController.swift in Sources */,
				6083E06121642FE500CA3F85 /* AppDelegate.swift in Sources */,
				6083E0A2216436BC00CA3F85 /* Document+CoreDataProperties.swift in Sources */,
				6083E0972164323700CA3F85 /* DocumentsTableViewController.swift in Sources */,
				6083E0962164323700CA3F85 /* CustomTableViewCell.swift in Sources */,
				6083E0A1216436BC00CA3F85 /* Document+CoreDataClass.swift in Sources */,
				6083E06921642FE500CA3F85 /* CoreDataSearch.xcdatamodeld in Sources */,
			);
			runOnlyForDeploymentPostprocessing = 0;
		};
		6083E07021642FE600CA3F85 /* Sources */ = {
			isa = PBXSourcesBuildPhase;
			buildActionMask = 2147483647;
			files = (
				6083E07921642FE600CA3F85 /* CoreDataSearchTests.swift in Sources */,
			);
			runOnlyForDeploymentPostprocessing = 0;
		};
		6083E07B21642FE600CA3F85 /* Sources */ = {
			isa = PBXSourcesBuildPhase;
			buildActionMask = 2147483647;
			files = (
				6083E08421642FE600CA3F85 /* CoreDataSearchUITests.swift in Sources */,
			);
			runOnlyForDeploymentPostprocessing = 0;
		};
/* End PBXSourcesBuildPhase section */

/* Begin PBXTargetDependency section */
		6083E07621642FE600CA3F85 /* PBXTargetDependency */ = {
			isa = PBXTargetDependency;
			target = 6083E05C21642FE500CA3F85 /* CoreDataSearch */;
			targetProxy = 6083E07521642FE600CA3F85 /* PBXContainerItemProxy */;
		};
		6083E08121642FE600CA3F85 /* PBXTargetDependency */ = {
			isa = PBXTargetDependency;
			target = 6083E05C21642FE500CA3F85 /* CoreDataSearch */;
			targetProxy = 6083E08021642FE600CA3F85 /* PBXContainerItemProxy */;
		};
/* End PBXTargetDependency section */

/* Begin PBXVariantGroup section */
		6083E06421642FE500CA3F85 /* Main.storyboard */ = {
			isa = PBXVariantGroup;
			children = (
				6083E06521642FE500CA3F85 /* Base */,
			);
			name = Main.storyboard;
			sourceTree = "<group>";
		};
		6083E06C21642FE600CA3F85 /* LaunchScreen.storyboard */ = {
			isa = PBXVariantGroup;
			children = (
				6083E06D21642FE600CA3F85 /* Base */,
			);
			name = LaunchScreen.storyboard;
			sourceTree = "<group>";
		};
/* End PBXVariantGroup section */

/* Begin XCBuildConfiguration section */
		6083E08621642FE600CA3F85 /* Debug */ = {
			isa = XCBuildConfiguration;
			buildSettings = {
				ALWAYS_SEARCH_USER_PATHS = NO;
				CLANG_ANALYZER_NONNULL = YES;
				CLANG_ANALYZER_NUMBER_OBJECT_CONVERSION = YES_AGGRESSIVE;
				CLANG_CXX_LANGUAGE_STANDARD = "gnu++14";
				CLANG_CXX_LIBRARY = "libc++";
				CLANG_ENABLE_MODULES = YES;
				CLANG_ENABLE_OBJC_ARC = YES;
				CLANG_ENABLE_OBJC_WEAK = YES;
				CLANG_WARN_BLOCK_CAPTURE_AUTORELEASING = YES;
				CLANG_WARN_BOOL_CONVERSION = YES;
				CLANG_WARN_COMMA = YES;
				CLANG_WARN_CONSTANT_CONVERSION = YES;
				CLANG_WARN_DEPRECATED_OBJC_IMPLEMENTATIONS = YES;
				CLANG_WARN_DIRECT_OBJC_ISA_USAGE = YES_ERROR;
				CLANG_WARN_DOCUMENTATION_COMMENTS = YES;
				CLANG_WARN_EMPTY_BODY = YES;
				CLANG_WARN_ENUM_CONVERSION = YES;
				CLANG_WARN_INFINITE_RECURSION = YES;
				CLANG_WARN_INT_CONVERSION = YES;
				CLANG_WARN_NON_LITERAL_NULL_CONVERSION = YES;
				CLANG_WARN_OBJC_IMPLICIT_RETAIN_SELF = YES;
				CLANG_WARN_OBJC_LITERAL_CONVERSION = YES;
				CLANG_WARN_OBJC_ROOT_CLASS = YES_ERROR;
				CLANG_WARN_RANGE_LOOP_ANALYSIS = YES;
				CLANG_WARN_STRICT_PROTOTYPES = YES;
				CLANG_WARN_SUSPICIOUS_MOVE = YES;
				CLANG_WARN_UNGUARDED_AVAILABILITY = YES_AGGRESSIVE;
				CLANG_WARN_UNREACHABLE_CODE = YES;
				CLANG_WARN__DUPLICATE_METHOD_MATCH = YES;
				CODE_SIGN_IDENTITY = "iPhone Developer";
				COPY_PHASE_STRIP = NO;
				DEBUG_INFORMATION_FORMAT = dwarf;
				ENABLE_STRICT_OBJC_MSGSEND = YES;
				ENABLE_TESTABILITY = YES;
				GCC_C_LANGUAGE_STANDARD = gnu11;
				GCC_DYNAMIC_NO_PIC = NO;
				GCC_NO_COMMON_BLOCKS = YES;
				GCC_OPTIMIZATION_LEVEL = 0;
				GCC_PREPROCESSOR_DEFINITIONS = (
					"DEBUG=1",
					"$(inherited)",
				);
				GCC_WARN_64_TO_32_BIT_CONVERSION = YES;
				GCC_WARN_ABOUT_RETURN_TYPE = YES_ERROR;
				GCC_WARN_UNDECLARED_SELECTOR = YES;
				GCC_WARN_UNINITIALIZED_AUTOS = YES_AGGRESSIVE;
				GCC_WARN_UNUSED_FUNCTION = YES;
				GCC_WARN_UNUSED_VARIABLE = YES;
				IPHONEOS_DEPLOYMENT_TARGET = 12.0;
				MTL_ENABLE_DEBUG_INFO = INCLUDE_SOURCE;
				MTL_FAST_MATH = YES;
				ONLY_ACTIVE_ARCH = YES;
				SDKROOT = iphoneos;
				SWIFT_ACTIVE_COMPILATION_CONDITIONS = DEBUG;
				SWIFT_OPTIMIZATION_LEVEL = "-Onone";
			};
			name = Debug;
		};
		6083E08721642FE600CA3F85 /* Release */ = {
			isa = XCBuildConfiguration;
			buildSettings = {
				ALWAYS_SEARCH_USER_PATHS = NO;
				CLANG_ANALYZER_NONNULL = YES;
				CLANG_ANALYZER_NUMBER_OBJECT_CONVERSION = YES_AGGRESSIVE;
				CLANG_CXX_LANGUAGE_STANDARD = "gnu++14";
				CLANG_CXX_LIBRARY = "libc++";
				CLANG_ENABLE_MODULES = YES;
				CLANG_ENABLE_OBJC_ARC = YES;
				CLANG_ENABLE_OBJC_WEAK = YES;
				CLANG_WARN_BLOCK_CAPTURE_AUTORELEASING = YES;
				CLANG_WARN_BOOL_CONVERSION = YES;
				CLANG_WARN_COMMA = YES;
				CLANG_WARN_CONSTANT_CONVERSION = YES;
				CLANG_WARN_DEPRECATED_OBJC_IMPLEMENTATIONS = YES;
				CLANG_WARN_DIRECT_OBJC_ISA_USAGE = YES_ERROR;
				CLANG_WARN_DOCUMENTATION_COMMENTS = YES;
				CLANG_WARN_EMPTY_BODY = YES;
				CLANG_WARN_ENUM_CONVERSION = YES;
				CLANG_WARN_INFINITE_RECURSION = YES;
				CLANG_WARN_INT_CONVERSION = YES;
				CLANG_WARN_NON_LITERAL_NULL_CONVERSION = YES;
				CLANG_WARN_OBJC_IMPLICIT_RETAIN_SELF = YES;
				CLANG_WARN_OBJC_LITERAL_CONVERSION = YES;
				CLANG_WARN_OBJC_ROOT_CLASS = YES_ERROR;
				CLANG_WARN_RANGE_LOOP_ANALYSIS = YES;
				CLANG_WARN_STRICT_PROTOTYPES = YES;
				CLANG_WARN_SUSPICIOUS_MOVE = YES;
				CLANG_WARN_UNGUARDED_AVAILABILITY = YES_AGGRESSIVE;
				CLANG_WARN_UNREACHABLE_CODE = YES;
				CLANG_WARN__DUPLICATE_METHOD_MATCH = YES;
				CODE_SIGN_IDENTITY = "iPhone Developer";
				COPY_PHASE_STRIP = NO;
				DEBUG_INFORMATION_FORMAT = "dwarf-with-dsym";
				ENABLE_NS_ASSERTIONS = NO;
				ENABLE_STRICT_OBJC_MSGSEND = YES;
				GCC_C_LANGUAGE_STANDARD = gnu11;
				GCC_NO_COMMON_BLOCKS = YES;
				GCC_WARN_64_TO_32_BIT_CONVERSION = YES;
				GCC_WARN_ABOUT_RETURN_TYPE = YES_ERROR;
				GCC_WARN_UNDECLARED_SELECTOR = YES;
				GCC_WARN_UNINITIALIZED_AUTOS = YES_AGGRESSIVE;
				GCC_WARN_UNUSED_FUNCTION = YES;
				GCC_WARN_UNUSED_VARIABLE = YES;
				IPHONEOS_DEPLOYMENT_TARGET = 12.0;
				MTL_ENABLE_DEBUG_INFO = NO;
				MTL_FAST_MATH = YES;
				SDKROOT = iphoneos;
				SWIFT_COMPILATION_MODE = wholemodule;
				SWIFT_OPTIMIZATION_LEVEL = "-O";
				VALIDATE_PRODUCT = YES;
			};
			name = Release;
		};
		6083E08921642FE600CA3F85 /* Debug */ = {
			isa = XCBuildConfiguration;
			buildSettings = {
				ASSETCATALOG_COMPILER_APPICON_NAME = AppIcon;
				CODE_SIGN_STYLE = Automatic;
				DEVELOPMENT_TEAM = WAQY4YN2JJ;
				INFOPLIST_FILE = CoreDataSearch/Info.plist;
				LD_RUNPATH_SEARCH_PATHS = (
					"$(inherited)",
					"@executable_path/Frameworks",
				);
				PRODUCT_BUNDLE_IDENTIFIER = com.gpmpn2.CoreDataSearch;
				PRODUCT_NAME = "$(TARGET_NAME)";
				SWIFT_VERSION = 4.2;
				TARGETED_DEVICE_FAMILY = "1,2";
			};
			name = Debug;
		};
		6083E08A21642FE600CA3F85 /* Release */ = {
			isa = XCBuildConfiguration;
			buildSettings = {
				ASSETCATALOG_COMPILER_APPICON_NAME = AppIcon;
				CODE_SIGN_STYLE = Automatic;
				DEVELOPMENT_TEAM = WAQY4YN2JJ;
				INFOPLIST_FILE = CoreDataSearch/Info.plist;
				LD_RUNPATH_SEARCH_PATHS = (
					"$(inherited)",
					"@executable_path/Frameworks",
				);
				PRODUCT_BUNDLE_IDENTIFIER = com.gpmpn2.CoreDataSearch;
				PRODUCT_NAME = "$(TARGET_NAME)";
				SWIFT_VERSION = 4.2;
				TARGETED_DEVICE_FAMILY = "1,2";
			};
			name = Release;
		};
		6083E08C21642FE600CA3F85 /* Debug */ = {
			isa = XCBuildConfiguration;
			buildSettings = {
				ALWAYS_EMBED_SWIFT_STANDARD_LIBRARIES = YES;
				BUNDLE_LOADER = "$(TEST_HOST)";
				CODE_SIGN_STYLE = Automatic;
				DEVELOPMENT_TEAM = WAQY4YN2JJ;
				INFOPLIST_FILE = CoreDataSearchTests/Info.plist;
				LD_RUNPATH_SEARCH_PATHS = (
					"$(inherited)",
					"@executable_path/Frameworks",
					"@loader_path/Frameworks",
				);
				PRODUCT_BUNDLE_IDENTIFIER = com.gpmpn2.CoreDataSearchTests;
				PRODUCT_NAME = "$(TARGET_NAME)";
				SWIFT_VERSION = 4.2;
				TARGETED_DEVICE_FAMILY = "1,2";
				TEST_HOST = "$(BUILT_PRODUCTS_DIR)/CoreDataSearch.app/CoreDataSearch";
			};
			name = Debug;
		};
		6083E08D21642FE600CA3F85 /* Release */ = {
			isa = XCBuildConfiguration;
			buildSettings = {
				ALWAYS_EMBED_SWIFT_STANDARD_LIBRARIES = YES;
				BUNDLE_LOADER = "$(TEST_HOST)";
				CODE_SIGN_STYLE = Automatic;
				DEVELOPMENT_TEAM = WAQY4YN2JJ;
				INFOPLIST_FILE = CoreDataSearchTests/Info.plist;
				LD_RUNPATH_SEARCH_PATHS = (
					"$(inherited)",
					"@executable_path/Frameworks",
					"@loader_path/Frameworks",
				);
				PRODUCT_BUNDLE_IDENTIFIER = com.gpmpn2.CoreDataSearchTests;
				PRODUCT_NAME = "$(TARGET_NAME)";
				SWIFT_VERSION = 4.2;
				TARGETED_DEVICE_FAMILY = "1,2";
				TEST_HOST = "$(BUILT_PRODUCTS_DIR)/CoreDataSearch.app/CoreDataSearch";
			};
			name = Release;
		};
		6083E08F21642FE600CA3F85 /* Debug */ = {
			isa = XCBuildConfiguration;
			buildSettings = {
				ALWAYS_EMBED_SWIFT_STANDARD_LIBRARIES = YES;
				CODE_SIGN_STYLE = Automatic;
				DEVELOPMENT_TEAM = WAQY4YN2JJ;
				INFOPLIST_FILE = CoreDataSearchUITests/Info.plist;
				LD_RUNPATH_SEARCH_PATHS = (
					"$(inherited)",
					"@executable_path/Frameworks",
					"@loader_path/Frameworks",
				);
				PRODUCT_BUNDLE_IDENTIFIER = com.gpmpn2.CoreDataSearchUITests;
				PRODUCT_NAME = "$(TARGET_NAME)";
				SWIFT_VERSION = 4.2;
				TARGETED_DEVICE_FAMILY = "1,2";
				TEST_TARGET_NAME = CoreDataSearch;
			};
			name = Debug;
		};
		6083E09021642FE600CA3F85 /* Release */ = {
			isa = XCBuildConfiguration;
			buildSettings = {
				ALWAYS_EMBED_SWIFT_STANDARD_LIBRARIES = YES;
				CODE_SIGN_STYLE = Automatic;
				DEVELOPMENT_TEAM = WAQY4YN2JJ;
				INFOPLIST_FILE = CoreDataSearchUITests/Info.plist;
				LD_RUNPATH_SEARCH_PATHS = (
					"$(inherited)",
					"@executable_path/Frameworks",
					"@loader_path/Frameworks",
				);
				PRODUCT_BUNDLE_IDENTIFIER = com.gpmpn2.CoreDataSearchUITests;
				PRODUCT_NAME = "$(TARGET_NAME)";
				SWIFT_VERSION = 4.2;
				TARGETED_DEVICE_FAMILY = "1,2";
				TEST_TARGET_NAME = CoreDataSearch;
			};
			name = Release;
		};
/* End XCBuildConfiguration section */

/* Begin XCConfigurationList section */
		6083E05821642FE500CA3F85 /* Build configuration list for PBXProject "CoreDataSearch" */ = {
			isa = XCConfigurationList;
			buildConfigurations = (
				6083E08621642FE600CA3F85 /* Debug */,
				6083E08721642FE600CA3F85 /* Release */,
			);
			defaultConfigurationIsVisible = 0;
			defaultConfigurationName = Release;
		};
		6083E08821642FE600CA3F85 /* Build configuration list for PBXNativeTarget "CoreDataSearch" */ = {
			isa = XCConfigurationList;
			buildConfigurations = (
				6083E08921642FE600CA3F85 /* Debug */,
				6083E08A21642FE600CA3F85 /* Release */,
			);
			defaultConfigurationIsVisible = 0;
			defaultConfigurationName = Release;
		};
		6083E08B21642FE600CA3F85 /* Build configuration list for PBXNativeTarget "CoreDataSearchTests" */ = {
			isa = XCConfigurationList;
			buildConfigurations = (
				6083E08C21642FE600CA3F85 /* Debug */,
				6083E08D21642FE600CA3F85 /* Release */,
			);
			defaultConfigurationIsVisible = 0;
			defaultConfigurationName = Release;
		};
		6083E08E21642FE600CA3F85 /* Build configuration list for PBXNativeTarget "CoreDataSearchUITests" */ = {
			isa = XCConfigurationList;
			buildConfigurations = (
				6083E08F21642FE600CA3F85 /* Debug */,
				6083E09021642FE600CA3F85 /* Release */,
			);
			defaultConfigurationIsVisible = 0;
			defaultConfigurationName = Release;
		};
/* End XCConfigurationList section */

/* Begin XCVersionGroup section */
		6083E06721642FE500CA3F85 /* CoreDataSearch.xcdatamodeld */ = {
			isa = XCVersionGroup;
			children = (
				6083E06821642FE500CA3F85 /* CoreDataSearch.xcdatamodel */,
			);
			currentVersion = 6083E06821642FE500CA3F85 /* CoreDataSearch.xcdatamodel */;
			path = CoreDataSearch.xcdatamodeld;
			sourceTree = "<group>";
			versionGroupType = wrapper.xcdatamodel;
		};
/* End XCVersionGroup section */
	};
	rootObject = 6083E05521642FE500CA3F85 /* Project object */;
}
